
Microsoft Visual Studio Solution File, Format Version 12.00
# Visual Studio Version 16
VisualStudioVersion = 16.0.28621.142
MinimumVisualStudioVersion = 10.0.40219.1
Project("{FAE04EC0-301F-11D3-BF4B-00C04F79EFBC}") = "Tomen", "Lumen.Tomen\Tomen.csproj", "{CC3D5B28-2443-42FB-8857-588862F0FA78}"
EndProject
Project("{FAE04EC0-301F-11D3-BF4B-00C04F79EFBC}") = "Test.Tomen", "Test.Tomen\Test.Tomen.csproj", "{2B598558-53CB-4472-8168-D3B292EA8EC0}"
EndProject
Global
	GlobalSection(SolutionConfigurationPlatforms) = preSolution
		Debug|Any CPU = Debug|Any CPU
		Release|Any CPU = Release|Any CPU
	EndGlobalSection
	GlobalSection(ProjectConfigurationPlatforms) = postSolution
		{CC3D5B28-2443-42FB-8857-588862F0FA78}.Debug|Any CPU.ActiveCfg = Debug|Any CPU
		{CC3D5B28-2443-42FB-8857-588862F0FA78}.Debug|Any CPU.Build.0 = Debug|Any CPU
		{CC3D5B28-2443-42FB-8857-588862F0FA78}.Release|Any CPU.ActiveCfg = Release|Any CPU
		{CC3D5B28-2443-42FB-8857-588862F0FA78}.Release|Any CPU.Build.0 = Release|Any CPU
		{2B598558-53CB-4472-8168-D3B292EA8EC0}.Debug|Any CPU.ActiveCfg = Debug|Any CPU
		{2B598558-53CB-4472-8168-D3B292EA8EC0}.Debug|Any CPU.Build.0 = Debug|Any CPU
		{2B598558-53CB-4472-8168-D3B292EA8EC0}.Release|Any CPU.ActiveCfg = Release|Any CPU
		{2B598558-53CB-4472-8168-D3B292EA8EC0}.Release|Any CPU.Build.0 = Release|Any CPU
	EndGlobalSection
	GlobalSection(SolutionProperties) = preSolution
		HideSolutionNode = FALSE
	EndGlobalSection
	GlobalSection(ExtensibilityGlobals) = postSolution
		SolutionGuid = {AC3B3EB1-6509-4E9A-AF80-80F7378ED014}
	EndGlobalSection
EndGlobal
