
Microsoft Visual Studio Solution File, Format Version 12.00
# Visual Studio Version 16
VisualStudioVersion = 16.0.28621.142
MinimumVisualStudioVersion = 10.0.40219.1
Project("{FAE04EC0-301F-11D3-BF4B-00C04F79EFBC}") = "UnitTest", "UnitTest\UnitTest.csproj", "{4270549B-FB41-4FF1-BD17-7F374EB59FF4}"
EndProject
Project("{9A19103F-16F7-4668-BE54-9A1E7A4F7556}") = "Tomen", "Tomen\Tomen.csproj", "{ABA690C5-754E-45D1-9DD0-9A75E2808EEA}"
EndProject
Project("{F2A71F9B-5D33-465A-A702-920D77279786}") = "FSharpExample", "FSharpExample\FSharpExample.fsproj", "{E7D5A0E7-6C58-4BC3-88C7-37EE02712967}"
EndProject
Global
	GlobalSection(SolutionConfigurationPlatforms) = preSolution
		Debug|Any CPU = Debug|Any CPU
		Release|Any CPU = Release|Any CPU
	EndGlobalSection
	GlobalSection(ProjectConfigurationPlatforms) = postSolution
		{4270549B-FB41-4FF1-BD17-7F374EB59FF4}.Debug|Any CPU.ActiveCfg = Debug|Any CPU
		{4270549B-FB41-4FF1-BD17-7F374EB59FF4}.Debug|Any CPU.Build.0 = Debug|Any CPU
		{4270549B-FB41-4FF1-BD17-7F374EB59FF4}.Release|Any CPU.ActiveCfg = Release|Any CPU
		{4270549B-FB41-4FF1-BD17-7F374EB59FF4}.Release|Any CPU.Build.0 = Release|Any CPU
		{ABA690C5-754E-45D1-9DD0-9A75E2808EEA}.Debug|Any CPU.ActiveCfg = Debug|Any CPU
		{ABA690C5-754E-45D1-9DD0-9A75E2808EEA}.Debug|Any CPU.Build.0 = Debug|Any CPU
		{ABA690C5-754E-45D1-9DD0-9A75E2808EEA}.Release|Any CPU.ActiveCfg = Release|Any CPU
		{ABA690C5-754E-45D1-9DD0-9A75E2808EEA}.Release|Any CPU.Build.0 = Release|Any CPU
		{E7D5A0E7-6C58-4BC3-88C7-37EE02712967}.Debug|Any CPU.ActiveCfg = Debug|Any CPU
		{E7D5A0E7-6C58-4BC3-88C7-37EE02712967}.Debug|Any CPU.Build.0 = Debug|Any CPU
		{E7D5A0E7-6C58-4BC3-88C7-37EE02712967}.Release|Any CPU.ActiveCfg = Release|Any CPU
		{E7D5A0E7-6C58-4BC3-88C7-37EE02712967}.Release|Any CPU.Build.0 = Release|Any CPU
	EndGlobalSection
	GlobalSection(SolutionProperties) = preSolution
		HideSolutionNode = FALSE
	EndGlobalSection
	GlobalSection(ExtensibilityGlobals) = postSolution
		SolutionGuid = {AC3B3EB1-6509-4E9A-AF80-80F7378ED014}
	EndGlobalSection
EndGlobal
